// !$*UTF8*$!
{
	archiveVersion = 1;
	classes = {
	};
	objectVersion = 55;
	objects = {

/* Begin PBXBuildFile section */
		CD1061512843B6CD00A4EB87 /* APICaller.swift in Sources */ = {isa = PBXBuildFile; fileRef = CD1061502843B6CD00A4EB87 /* APICaller.swift */; };
		CD1061532843B70200A4EB87 /* Utils.swift in Sources */ = {isa = PBXBuildFile; fileRef = CD1061522843B70200A4EB87 /* Utils.swift */; };
		CD1061552843BBA800A4EB87 /* Title.swift in Sources */ = {isa = PBXBuildFile; fileRef = CD1061542843BBA800A4EB87 /* Title.swift */; };
		CD1061572843C0D300A4EB87 /* Resources.swift in Sources */ = {isa = PBXBuildFile; fileRef = CD1061562843C0D300A4EB87 /* Resources.swift */; };
		CD10615B2846514700A4EB87 /* TitleCollectionViewCell.swift in Sources */ = {isa = PBXBuildFile; fileRef = CD10615A2846514700A4EB87 /* TitleCollectionViewCell.swift */; };
		CD10615E28466F5900A4EB87 /* SDWebImage in Frameworks */ = {isa = PBXBuildFile; productRef = CD10615D28466F5900A4EB87 /* SDWebImage */; };
		CD10616028466F5900A4EB87 /* SDWebImageMapKit in Frameworks */ = {isa = PBXBuildFile; productRef = CD10615F28466F5900A4EB87 /* SDWebImageMapKit */; };
		CD1061622849293700A4EB87 /* TitleTableViewCell.swift in Sources */ = {isa = PBXBuildFile; fileRef = CD1061612849293700A4EB87 /* TitleTableViewCell.swift */; };
		CD10616428492F4100A4EB87 /* TitleViewModel.swift in Sources */ = {isa = PBXBuildFile; fileRef = CD10616328492F4100A4EB87 /* TitleViewModel.swift */; };
		CD8B1A9D283F93D5001D1DF1 /* CollectionViewTableViewCell.swift in Sources */ = {isa = PBXBuildFile; fileRef = CD8B1A9C283F93D5001D1DF1 /* CollectionViewTableViewCell.swift */; };
		CD8B1A9F2840F9D9001D1DF1 /* HeroHeaderUIView.swift in Sources */ = {isa = PBXBuildFile; fileRef = CD8B1A9E2840F9D9001D1DF1 /* HeroHeaderUIView.swift */; };
		CDD5A1DA283D4C8D00CADB0D /* AppDelegate.swift in Sources */ = {isa = PBXBuildFile; fileRef = CDD5A1D9283D4C8D00CADB0D /* AppDelegate.swift */; };
		CDD5A1DC283D4C8D00CADB0D /* SceneDelegate.swift in Sources */ = {isa = PBXBuildFile; fileRef = CDD5A1DB283D4C8D00CADB0D /* SceneDelegate.swift */; };
		CDD5A1DE283D4C8D00CADB0D /* MainTabBarViewController.swift in Sources */ = {isa = PBXBuildFile; fileRef = CDD5A1DD283D4C8D00CADB0D /* MainTabBarViewController.swift */; };
		CDD5A1E3283D4C8E00CADB0D /* Assets.xcassets in Resources */ = {isa = PBXBuildFile; fileRef = CDD5A1E2283D4C8E00CADB0D /* Assets.xcassets */; };
		CDD5A1E6283D4C8E00CADB0D /* LaunchScreen.storyboard in Resources */ = {isa = PBXBuildFile; fileRef = CDD5A1E4283D4C8E00CADB0D /* LaunchScreen.storyboard */; };
		CDD5A1EF283D4DF800CADB0D /* HomeViewController.swift in Sources */ = {isa = PBXBuildFile; fileRef = CDD5A1EE283D4DF800CADB0D /* HomeViewController.swift */; };
		CDD5A1F1283D4E1100CADB0D /* UpcomingViewController.swift in Sources */ = {isa = PBXBuildFile; fileRef = CDD5A1F0283D4E1100CADB0D /* UpcomingViewController.swift */; };
		CDD5A1F3283D4E2600CADB0D /* SearchViewController.swift in Sources */ = {isa = PBXBuildFile; fileRef = CDD5A1F2283D4E2600CADB0D /* SearchViewController.swift */; };
		CDD5A1F5283D4E4200CADB0D /* DownloadsViewController.swift in Sources */ = {isa = PBXBuildFile; fileRef = CDD5A1F4283D4E4200CADB0D /* DownloadsViewController.swift */; };
/* End PBXBuildFile section */

/* Begin PBXFileReference section */
		CD1061502843B6CD00A4EB87 /* APICaller.swift */ = {isa = PBXFileReference; lastKnownFileType = sourcecode.swift; path = APICaller.swift; sourceTree = "<group>"; };
		CD1061522843B70200A4EB87 /* Utils.swift */ = {isa = PBXFileReference; lastKnownFileType = sourcecode.swift; path = Utils.swift; sourceTree = "<group>"; };
		CD1061542843BBA800A4EB87 /* Title.swift */ = {isa = PBXFileReference; lastKnownFileType = sourcecode.swift; path = Title.swift; sourceTree = "<group>"; };
		CD1061562843C0D300A4EB87 /* Resources.swift */ = {isa = PBXFileReference; lastKnownFileType = sourcecode.swift; path = Resources.swift; sourceTree = "<group>"; };
		CD10615A2846514700A4EB87 /* TitleCollectionViewCell.swift */ = {isa = PBXFileReference; lastKnownFileType = sourcecode.swift; path = TitleCollectionViewCell.swift; sourceTree = "<group>"; };
		CD1061612849293700A4EB87 /* TitleTableViewCell.swift */ = {isa = PBXFileReference; lastKnownFileType = sourcecode.swift; path = TitleTableViewCell.swift; sourceTree = "<group>"; };
		CD10616328492F4100A4EB87 /* TitleViewModel.swift */ = {isa = PBXFileReference; lastKnownFileType = sourcecode.swift; path = TitleViewModel.swift; sourceTree = "<group>"; };
		CD8B1A9C283F93D5001D1DF1 /* CollectionViewTableViewCell.swift */ = {isa = PBXFileReference; lastKnownFileType = sourcecode.swift; path = CollectionViewTableViewCell.swift; sourceTree = "<group>"; };
		CD8B1A9E2840F9D9001D1DF1 /* HeroHeaderUIView.swift */ = {isa = PBXFileReference; lastKnownFileType = sourcecode.swift; path = HeroHeaderUIView.swift; sourceTree = "<group>"; };
		CDD5A1D6283D4C8D00CADB0D /* Netflix.app */ = {isa = PBXFileReference; explicitFileType = wrapper.application; includeInIndex = 0; path = Netflix.app; sourceTree = BUILT_PRODUCTS_DIR; };
		CDD5A1D9283D4C8D00CADB0D /* AppDelegate.swift */ = {isa = PBXFileReference; lastKnownFileType = sourcecode.swift; path = AppDelegate.swift; sourceTree = "<group>"; };
		CDD5A1DB283D4C8D00CADB0D /* SceneDelegate.swift */ = {isa = PBXFileReference; lastKnownFileType = sourcecode.swift; path = SceneDelegate.swift; sourceTree = "<group>"; };
		CDD5A1DD283D4C8D00CADB0D /* MainTabBarViewController.swift */ = {isa = PBXFileReference; lastKnownFileType = sourcecode.swift; path = MainTabBarViewController.swift; sourceTree = "<group>"; };
		CDD5A1E2283D4C8E00CADB0D /* Assets.xcassets */ = {isa = PBXFileReference; lastKnownFileType = folder.assetcatalog; path = Assets.xcassets; sourceTree = "<group>"; };
		CDD5A1E5283D4C8E00CADB0D /* Base */ = {isa = PBXFileReference; lastKnownFileType = file.storyboard; name = Base; path = Base.lproj/LaunchScreen.storyboard; sourceTree = "<group>"; };
		CDD5A1E7283D4C8E00CADB0D /* Info.plist */ = {isa = PBXFileReference; lastKnownFileType = text.plist.xml; path = Info.plist; sourceTree = "<group>"; };
		CDD5A1EE283D4DF800CADB0D /* HomeViewController.swift */ = {isa = PBXFileReference; lastKnownFileType = sourcecode.swift; path = HomeViewController.swift; sourceTree = "<group>"; };
		CDD5A1F0283D4E1100CADB0D /* UpcomingViewController.swift */ = {isa = PBXFileReference; lastKnownFileType = sourcecode.swift; path = UpcomingViewController.swift; sourceTree = "<group>"; };
		CDD5A1F2283D4E2600CADB0D /* SearchViewController.swift */ = {isa = PBXFileReference; lastKnownFileType = sourcecode.swift; path = SearchViewController.swift; sourceTree = "<group>"; };
		CDD5A1F4283D4E4200CADB0D /* DownloadsViewController.swift */ = {isa = PBXFileReference; lastKnownFileType = sourcecode.swift; path = DownloadsViewController.swift; sourceTree = "<group>"; };
/* End PBXFileReference section */

/* Begin PBXFrameworksBuildPhase section */
		CDD5A1D3283D4C8D00CADB0D /* Frameworks */ = {
			isa = PBXFrameworksBuildPhase;
			buildActionMask = 2147483647;
			files = (
				CD10616028466F5900A4EB87 /* SDWebImageMapKit in Frameworks */,
				CD10615E28466F5900A4EB87 /* SDWebImage in Frameworks */,
			);
			runOnlyForDeploymentPostprocessing = 0;
		};
/* End PBXFrameworksBuildPhase section */

/* Begin PBXGroup section */
		CD8B1A97283F9360001D1DF1 /* Views */ = {
			isa = PBXGroup;
			children = (
				CD8B1A9C283F93D5001D1DF1 /* CollectionViewTableViewCell.swift */,
				CD8B1A9E2840F9D9001D1DF1 /* HeroHeaderUIView.swift */,
				CD10615A2846514700A4EB87 /* TitleCollectionViewCell.swift */,
				CD1061612849293700A4EB87 /* TitleTableViewCell.swift */,
			);
			path = Views;
			sourceTree = "<group>";
		};
		CD8B1A98283F936C001D1DF1 /* Models */ = {
			isa = PBXGroup;
			children = (
				CD1061542843BBA800A4EB87 /* Title.swift */,
			);
			path = Models;
			sourceTree = "<group>";
		};
		CD8B1A99283F9377001D1DF1 /* ViewModels */ = {
			isa = PBXGroup;
			children = (
				CD10616328492F4100A4EB87 /* TitleViewModel.swift */,
			);
			path = ViewModels;
			sourceTree = "<group>";
		};
		CD8B1A9A283F9399001D1DF1 /* Resources */ = {
			isa = PBXGroup;
			children = (
				CD1061562843C0D300A4EB87 /* Resources.swift */,
			);
			path = Resources;
			sourceTree = "<group>";
		};
		CD8B1A9B283F93A2001D1DF1 /* Managers */ = {
			isa = PBXGroup;
			children = (
				CD1061502843B6CD00A4EB87 /* APICaller.swift */,
			);
			path = Managers;
			sourceTree = "<group>";
		};
		CDD5A1CD283D4C8D00CADB0D = {
			isa = PBXGroup;
			children = (
				CDD5A1D8283D4C8D00CADB0D /* Netflix */,
				CDD5A1D7283D4C8D00CADB0D /* Products */,
			);
			sourceTree = "<group>";
		};
		CDD5A1D7283D4C8D00CADB0D /* Products */ = {
			isa = PBXGroup;
			children = (
				CDD5A1D6283D4C8D00CADB0D /* Netflix.app */,
			);
			name = Products;
			sourceTree = "<group>";
		};
		CDD5A1D8283D4C8D00CADB0D /* Netflix */ = {
			isa = PBXGroup;
			children = (
				CD8B1A9B283F93A2001D1DF1 /* Managers */,
				CD8B1A9A283F9399001D1DF1 /* Resources */,
				CD8B1A98283F936C001D1DF1 /* Models */,
				CD8B1A97283F9360001D1DF1 /* Views */,
				CD8B1A99283F9377001D1DF1 /* ViewModels */,
				CDD5A1ED283D4DD500CADB0D /* Controllers */,
				CDD5A1D9283D4C8D00CADB0D /* AppDelegate.swift */,
				CDD5A1DB283D4C8D00CADB0D /* SceneDelegate.swift */,
				CDD5A1DD283D4C8D00CADB0D /* MainTabBarViewController.swift */,
				CDD5A1E2283D4C8E00CADB0D /* Assets.xcassets */,
				CDD5A1E4283D4C8E00CADB0D /* LaunchScreen.storyboard */,
				CDD5A1E7283D4C8E00CADB0D /* Info.plist */,
				CD1061522843B70200A4EB87 /* Utils.swift */,
			);
			path = Netflix;
			sourceTree = "<group>";
		};
		CDD5A1ED283D4DD500CADB0D /* Controllers */ = {
			isa = PBXGroup;
			children = (
				CDD5A1EE283D4DF800CADB0D /* HomeViewController.swift */,
				CDD5A1F0283D4E1100CADB0D /* UpcomingViewController.swift */,
				CDD5A1F2283D4E2600CADB0D /* SearchViewController.swift */,
				CDD5A1F4283D4E4200CADB0D /* DownloadsViewController.swift */,
			);
			path = Controllers;
			sourceTree = "<group>";
		};
/* End PBXGroup section */

/* Begin PBXNativeTarget section */
		CDD5A1D5283D4C8D00CADB0D /* Netflix */ = {
			isa = PBXNativeTarget;
			buildConfigurationList = CDD5A1EA283D4C8E00CADB0D /* Build configuration list for PBXNativeTarget "Netflix" */;
			buildPhases = (
				CDD5A1D2283D4C8D00CADB0D /* Sources */,
				CDD5A1D3283D4C8D00CADB0D /* Frameworks */,
				CDD5A1D4283D4C8D00CADB0D /* Resources */,
			);
			buildRules = (
			);
			dependencies = (
			);
			name = Netflix;
			packageProductDependencies = (
				CD10615D28466F5900A4EB87 /* SDWebImage */,
				CD10615F28466F5900A4EB87 /* SDWebImageMapKit */,
			);
			productName = Netflix;
			productReference = CDD5A1D6283D4C8D00CADB0D /* Netflix.app */;
			productType = "com.apple.product-type.application";
		};
/* End PBXNativeTarget section */

/* Begin PBXProject section */
		CDD5A1CE283D4C8D00CADB0D /* Project object */ = {
			isa = PBXProject;
			attributes = {
				BuildIndependentTargetsInParallel = 1;
				LastSwiftUpdateCheck = 1330;
				LastUpgradeCheck = 1330;
				TargetAttributes = {
					CDD5A1D5283D4C8D00CADB0D = {
						CreatedOnToolsVersion = 13.3;
					};
				};
			};
			buildConfigurationList = CDD5A1D1283D4C8D00CADB0D /* Build configuration list for PBXProject "Netflix" */;
			compatibilityVersion = "Xcode 13.0";
			developmentRegion = en;
			hasScannedForEncodings = 0;
			knownRegions = (
				en,
				Base,
			);
			mainGroup = CDD5A1CD283D4C8D00CADB0D;
			packageReferences = (
				CD10615C28466F5900A4EB87 /* XCRemoteSwiftPackageReference "SDWebImage" */,
			);
			productRefGroup = CDD5A1D7283D4C8D00CADB0D /* Products */;
			projectDirPath = "";
			projectRoot = "";
			targets = (
				CDD5A1D5283D4C8D00CADB0D /* Netflix */,
			);
		};
/* End PBXProject section */

/* Begin PBXResourcesBuildPhase section */
		CDD5A1D4283D4C8D00CADB0D /* Resources */ = {
			isa = PBXResourcesBuildPhase;
			buildActionMask = 2147483647;
			files = (
				CDD5A1E6283D4C8E00CADB0D /* LaunchScreen.storyboard in Resources */,
				CDD5A1E3283D4C8E00CADB0D /* Assets.xcassets in Resources */,
			);
			runOnlyForDeploymentPostprocessing = 0;
		};
/* End PBXResourcesBuildPhase section */

/* Begin PBXSourcesBuildPhase section */
		CDD5A1D2283D4C8D00CADB0D /* Sources */ = {
			isa = PBXSourcesBuildPhase;
			buildActionMask = 2147483647;
			files = (
				CDD5A1F3283D4E2600CADB0D /* SearchViewController.swift in Sources */,
				CDD5A1DE283D4C8D00CADB0D /* MainTabBarViewController.swift in Sources */,
				CD1061552843BBA800A4EB87 /* Title.swift in Sources */,
				CD8B1A9D283F93D5001D1DF1 /* CollectionViewTableViewCell.swift in Sources */,
				CD1061512843B6CD00A4EB87 /* APICaller.swift in Sources */,
				CD8B1A9F2840F9D9001D1DF1 /* HeroHeaderUIView.swift in Sources */,
				CDD5A1F5283D4E4200CADB0D /* DownloadsViewController.swift in Sources */,
				CD10615B2846514700A4EB87 /* TitleCollectionViewCell.swift in Sources */,
				CDD5A1DA283D4C8D00CADB0D /* AppDelegate.swift in Sources */,
				CD1061532843B70200A4EB87 /* Utils.swift in Sources */,
				CD1061622849293700A4EB87 /* TitleTableViewCell.swift in Sources */,
				CDD5A1DC283D4C8D00CADB0D /* SceneDelegate.swift in Sources */,
				CDD5A1F1283D4E1100CADB0D /* UpcomingViewController.swift in Sources */,
				CD10616428492F4100A4EB87 /* TitleViewModel.swift in Sources */,
				CDD5A1EF283D4DF800CADB0D /* HomeViewController.swift in Sources */,
				CD1061572843C0D300A4EB87 /* Resources.swift in Sources */,
			);
			runOnlyForDeploymentPostprocessing = 0;
		};
/* End PBXSourcesBuildPhase section */

/* Begin PBXVariantGroup section */
		CDD5A1E4283D4C8E00CADB0D /* LaunchScreen.storyboard */ = {
			isa = PBXVariantGroup;
			children = (
				CDD5A1E5283D4C8E00CADB0D /* Base */,
			);
			name = LaunchScreen.storyboard;
			sourceTree = "<group>";
		};
/* End PBXVariantGroup section */

/* Begin XCBuildConfiguration section */
		CDD5A1E8283D4C8E00CADB0D /* Debug */ = {
			isa = XCBuildConfiguration;
			buildSettings = {
				ALWAYS_SEARCH_USER_PATHS = NO;
				CLANG_ANALYZER_NONNULL = YES;
				CLANG_ANALYZER_NUMBER_OBJECT_CONVERSION = YES_AGGRESSIVE;
				CLANG_CXX_LANGUAGE_STANDARD = "gnu++17";
				CLANG_ENABLE_MODULES = YES;
				CLANG_ENABLE_OBJC_ARC = YES;
				CLANG_ENABLE_OBJC_WEAK = YES;
				CLANG_WARN_BLOCK_CAPTURE_AUTORELEASING = YES;
				CLANG_WARN_BOOL_CONVERSION = YES;
				CLANG_WARN_COMMA = YES;
				CLANG_WARN_CONSTANT_CONVERSION = YES;
				CLANG_WARN_DEPRECATED_OBJC_IMPLEMENTATIONS = YES;
				CLANG_WARN_DIRECT_OBJC_ISA_USAGE = YES_ERROR;
				CLANG_WARN_DOCUMENTATION_COMMENTS = YES;
				CLANG_WARN_EMPTY_BODY = YES;
				CLANG_WARN_ENUM_CONVERSION = YES;
				CLANG_WARN_INFINITE_RECURSION = YES;
				CLANG_WARN_INT_CONVERSION = YES;
				CLANG_WARN_NON_LITERAL_NULL_CONVERSION = YES;
				CLANG_WARN_OBJC_IMPLICIT_RETAIN_SELF = YES;
				CLANG_WARN_OBJC_LITERAL_CONVERSION = YES;
				CLANG_WARN_OBJC_ROOT_CLASS = YES_ERROR;
				CLANG_WARN_QUOTED_INCLUDE_IN_FRAMEWORK_HEADER = YES;
				CLANG_WARN_RANGE_LOOP_ANALYSIS = YES;
				CLANG_WARN_STRICT_PROTOTYPES = YES;
				CLANG_WARN_SUSPICIOUS_MOVE = YES;
				CLANG_WARN_UNGUARDED_AVAILABILITY = YES_AGGRESSIVE;
				CLANG_WARN_UNREACHABLE_CODE = YES;
				CLANG_WARN__DUPLICATE_METHOD_MATCH = YES;
				COPY_PHASE_STRIP = NO;
				DEBUG_INFORMATION_FORMAT = dwarf;
				ENABLE_STRICT_OBJC_MSGSEND = YES;
				ENABLE_TESTABILITY = YES;
				GCC_C_LANGUAGE_STANDARD = gnu11;
				GCC_DYNAMIC_NO_PIC = NO;
				GCC_NO_COMMON_BLOCKS = YES;
				GCC_OPTIMIZATION_LEVEL = 0;
				GCC_PREPROCESSOR_DEFINITIONS = (
					"DEBUG=1",
					"$(inherited)",
				);
				GCC_WARN_64_TO_32_BIT_CONVERSION = YES;
				GCC_WARN_ABOUT_RETURN_TYPE = YES_ERROR;
				GCC_WARN_UNDECLARED_SELECTOR = YES;
				GCC_WARN_UNINITIALIZED_AUTOS = YES_AGGRESSIVE;
				GCC_WARN_UNUSED_FUNCTION = YES;
				GCC_WARN_UNUSED_VARIABLE = YES;
				IPHONEOS_DEPLOYMENT_TARGET = 15.4;
				MTL_ENABLE_DEBUG_INFO = INCLUDE_SOURCE;
				MTL_FAST_MATH = YES;
				ONLY_ACTIVE_ARCH = YES;
				SDKROOT = iphoneos;
				SWIFT_ACTIVE_COMPILATION_CONDITIONS = DEBUG;
				SWIFT_OPTIMIZATION_LEVEL = "-Onone";
			};
			name = Debug;
		};
		CDD5A1E9283D4C8E00CADB0D /* Release */ = {
			isa = XCBuildConfiguration;
			buildSettings = {
				ALWAYS_SEARCH_USER_PATHS = NO;
				CLANG_ANALYZER_NONNULL = YES;
				CLANG_ANALYZER_NUMBER_OBJECT_CONVERSION = YES_AGGRESSIVE;
				CLANG_CXX_LANGUAGE_STANDARD = "gnu++17";
				CLANG_ENABLE_MODULES = YES;
				CLANG_ENABLE_OBJC_ARC = YES;
				CLANG_ENABLE_OBJC_WEAK = YES;
				CLANG_WARN_BLOCK_CAPTURE_AUTORELEASING = YES;
				CLANG_WARN_BOOL_CONVERSION = YES;
				CLANG_WARN_COMMA = YES;
				CLANG_WARN_CONSTANT_CONVERSION = YES;
				CLANG_WARN_DEPRECATED_OBJC_IMPLEMENTATIONS = YES;
				CLANG_WARN_DIRECT_OBJC_ISA_USAGE = YES_ERROR;
				CLANG_WARN_DOCUMENTATION_COMMENTS = YES;
				CLANG_WARN_EMPTY_BODY = YES;
				CLANG_WARN_ENUM_CONVERSION = YES;
				CLANG_WARN_INFINITE_RECURSION = YES;
				CLANG_WARN_INT_CONVERSION = YES;
				CLANG_WARN_NON_LITERAL_NULL_CONVERSION = YES;
				CLANG_WARN_OBJC_IMPLICIT_RETAIN_SELF = YES;
				CLANG_WARN_OBJC_LITERAL_CONVERSION = YES;
				CLANG_WARN_OBJC_ROOT_CLASS = YES_ERROR;
				CLANG_WARN_QUOTED_INCLUDE_IN_FRAMEWORK_HEADER = YES;
				CLANG_WARN_RANGE_LOOP_ANALYSIS = YES;
				CLANG_WARN_STRICT_PROTOTYPES = YES;
				CLANG_WARN_SUSPICIOUS_MOVE = YES;
				CLANG_WARN_UNGUARDED_AVAILABILITY = YES_AGGRESSIVE;
				CLANG_WARN_UNREACHABLE_CODE = YES;
				CLANG_WARN__DUPLICATE_METHOD_MATCH = YES;
				COPY_PHASE_STRIP = NO;
				DEBUG_INFORMATION_FORMAT = "dwarf-with-dsym";
				ENABLE_NS_ASSERTIONS = NO;
				ENABLE_STRICT_OBJC_MSGSEND = YES;
				GCC_C_LANGUAGE_STANDARD = gnu11;
				GCC_NO_COMMON_BLOCKS = YES;
				GCC_WARN_64_TO_32_BIT_CONVERSION = YES;
				GCC_WARN_ABOUT_RETURN_TYPE = YES_ERROR;
				GCC_WARN_UNDECLARED_SELECTOR = YES;
				GCC_WARN_UNINITIALIZED_AUTOS = YES_AGGRESSIVE;
				GCC_WARN_UNUSED_FUNCTION = YES;
				GCC_WARN_UNUSED_VARIABLE = YES;
				IPHONEOS_DEPLOYMENT_TARGET = 15.4;
				MTL_ENABLE_DEBUG_INFO = NO;
				MTL_FAST_MATH = YES;
				SDKROOT = iphoneos;
				SWIFT_COMPILATION_MODE = wholemodule;
				SWIFT_OPTIMIZATION_LEVEL = "-O";
				VALIDATE_PRODUCT = YES;
			};
			name = Release;
		};
		CDD5A1EB283D4C8E00CADB0D /* Debug */ = {
			isa = XCBuildConfiguration;
			buildSettings = {
				ASSETCATALOG_COMPILER_APPICON_NAME = AppIcon;
				ASSETCATALOG_COMPILER_GLOBAL_ACCENT_COLOR_NAME = AccentColor;
				CODE_SIGN_STYLE = Automatic;
				CURRENT_PROJECT_VERSION = 1;
				DEVELOPMENT_TEAM = H5H3A6Y93M;
				GENERATE_INFOPLIST_FILE = YES;
				INFOPLIST_FILE = Netflix/Info.plist;
				INFOPLIST_KEY_UIApplicationSupportsIndirectInputEvents = YES;
				INFOPLIST_KEY_UILaunchStoryboardName = LaunchScreen;
				INFOPLIST_KEY_UISupportedInterfaceOrientations_iPad = "UIInterfaceOrientationPortrait UIInterfaceOrientationPortraitUpsideDown UIInterfaceOrientationLandscapeLeft UIInterfaceOrientationLandscapeRight";
				INFOPLIST_KEY_UISupportedInterfaceOrientations_iPhone = "UIInterfaceOrientationPortrait UIInterfaceOrientationLandscapeLeft UIInterfaceOrientationLandscapeRight";
				LD_RUNPATH_SEARCH_PATHS = (
					"$(inherited)",
					"@executable_path/Frameworks",
				);
				MARKETING_VERSION = 1.0;
				PRODUCT_BUNDLE_IDENTIFIER = com.yodigity.Netflix;
				PRODUCT_NAME = "$(TARGET_NAME)";
				SWIFT_EMIT_LOC_STRINGS = YES;
				SWIFT_VERSION = 5.0;
				TARGETED_DEVICE_FAMILY = "1,2";
			};
			name = Debug;
		};
		CDD5A1EC283D4C8E00CADB0D /* Release */ = {
			isa = XCBuildConfiguration;
			buildSettings = {
				ASSETCATALOG_COMPILER_APPICON_NAME = AppIcon;
				ASSETCATALOG_COMPILER_GLOBAL_ACCENT_COLOR_NAME = AccentColor;
				CODE_SIGN_STYLE = Automatic;
				CURRENT_PROJECT_VERSION = 1;
				DEVELOPMENT_TEAM = H5H3A6Y93M;
				GENERATE_INFOPLIST_FILE = YES;
				INFOPLIST_FILE = Netflix/Info.plist;
				INFOPLIST_KEY_UIApplicationSupportsIndirectInputEvents = YES;
				INFOPLIST_KEY_UILaunchStoryboardName = LaunchScreen;
				INFOPLIST_KEY_UISupportedInterfaceOrientations_iPad = "UIInterfaceOrientationPortrait UIInterfaceOrientationPortraitUpsideDown UIInterfaceOrientationLandscapeLeft UIInterfaceOrientationLandscapeRight";
				INFOPLIST_KEY_UISupportedInterfaceOrientations_iPhone = "UIInterfaceOrientationPortrait UIInterfaceOrientationLandscapeLeft UIInterfaceOrientationLandscapeRight";
				LD_RUNPATH_SEARCH_PATHS = (
					"$(inherited)",
					"@executable_path/Frameworks",
				);
				MARKETING_VERSION = 1.0;
				PRODUCT_BUNDLE_IDENTIFIER = com.yodigity.Netflix;
				PRODUCT_NAME = "$(TARGET_NAME)";
				SWIFT_EMIT_LOC_STRINGS = YES;
				SWIFT_VERSION = 5.0;
				TARGETED_DEVICE_FAMILY = "1,2";
			};
			name = Release;
		};
/* End XCBuildConfiguration section */

/* Begin XCConfigurationList section */
		CDD5A1D1283D4C8D00CADB0D /* Build configuration list for PBXProject "Netflix" */ = {
			isa = XCConfigurationList;
			buildConfigurations = (
				CDD5A1E8283D4C8E00CADB0D /* Debug */,
				CDD5A1E9283D4C8E00CADB0D /* Release */,
			);
			defaultConfigurationIsVisible = 0;
			defaultConfigurationName = Release;
		};
		CDD5A1EA283D4C8E00CADB0D /* Build configuration list for PBXNativeTarget "Netflix" */ = {
			isa = XCConfigurationList;
			buildConfigurations = (
				CDD5A1EB283D4C8E00CADB0D /* Debug */,
				CDD5A1EC283D4C8E00CADB0D /* Release */,
			);
			defaultConfigurationIsVisible = 0;
			defaultConfigurationName = Release;
		};
/* End XCConfigurationList section */

/* Begin XCRemoteSwiftPackageReference section */
		CD10615C28466F5900A4EB87 /* XCRemoteSwiftPackageReference "SDWebImage" */ = {
			isa = XCRemoteSwiftPackageReference;
			repositoryURL = "https://github.com/SDWebImage/SDWebImage.git";
			requirement = {
				branch = master;
				kind = branch;
			};
		};
/* End XCRemoteSwiftPackageReference section */

/* Begin XCSwiftPackageProductDependency section */
		CD10615D28466F5900A4EB87 /* SDWebImage */ = {
			isa = XCSwiftPackageProductDependency;
			package = CD10615C28466F5900A4EB87 /* XCRemoteSwiftPackageReference "SDWebImage" */;
			productName = SDWebImage;
		};
		CD10615F28466F5900A4EB87 /* SDWebImageMapKit */ = {
			isa = XCSwiftPackageProductDependency;
			package = CD10615C28466F5900A4EB87 /* XCRemoteSwiftPackageReference "SDWebImage" */;
			productName = SDWebImageMapKit;
		};
/* End XCSwiftPackageProductDependency section */
	};
	rootObject = CDD5A1CE283D4C8D00CADB0D /* Project object */;
}
